
Microsoft Visual Studio Solution File, Format Version 12.00
# Visual Studio Version 17
VisualStudioVersion = 17.3.32804.467
MinimumVisualStudioVersion = 10.0.40219.1
Project("{9A19103F-16F7-4668-BE54-9A1E7A4F7556}") = "HatServer", "HatServer.csproj", "{925468EE-4CE1-41A7-83CE-2FD28A6FA295}"
EndProject
Global
	GlobalSection(SolutionConfigurationPlatforms) = preSolution
		Debug|Any CPU = Debug|Any CPU
		Release|Any CPU = Release|Any CPU
	EndGlobalSection
	GlobalSection(ProjectConfigurationPlatforms) = postSolution
		{925468EE-4CE1-41A7-83CE-2FD28A6FA295}.Debug|Any CPU.ActiveCfg = Debug|Any CPU
		{925468EE-4CE1-41A7-83CE-2FD28A6FA295}.Debug|Any CPU.Build.0 = Debug|Any CPU
		{925468EE-4CE1-41A7-83CE-2FD28A6FA295}.Release|Any CPU.ActiveCfg = Release|Any CPU
		{925468EE-4CE1-41A7-83CE-2FD28A6FA295}.Release|Any CPU.Build.0 = Release|Any CPU
	EndGlobalSection
	GlobalSection(SolutionProperties) = preSolution
		HideSolutionNode = FALSE
	EndGlobalSection
	GlobalSection(ExtensibilityGlobals) = postSolution
		SolutionGuid = {A1E62C5A-561E-4C1A-89E7-C0463F2D7FD0}
	EndGlobalSection
EndGlobal
